// !$*UTF8*$!
{
	archiveVersion = 1;
	classes = {
	};
	objectVersion = 50;
	objects = {

/* Begin PBXBuildFile section */
		CBA4EC9E24DF772A0004F520 /* AppDelegate.swift in Sources */ = {isa = PBXBuildFile; fileRef = CBA4EC9D24DF772A0004F520 /* AppDelegate.swift */; };
		CBA4ECA024DF772A0004F520 /* SceneDelegate.swift in Sources */ = {isa = PBXBuildFile; fileRef = CBA4EC9F24DF772A0004F520 /* SceneDelegate.swift */; };
		CBA4ECA224DF772A0004F520 /* ContentView.swift in Sources */ = {isa = PBXBuildFile; fileRef = CBA4ECA124DF772A0004F520 /* ContentView.swift */; };
		CBA4ECA424DF772B0004F520 /* Assets.xcassets in Resources */ = {isa = PBXBuildFile; fileRef = CBA4ECA324DF772B0004F520 /* Assets.xcassets */; };
		CBA4ECA724DF772B0004F520 /* Preview Assets.xcassets in Resources */ = {isa = PBXBuildFile; fileRef = CBA4ECA624DF772B0004F520 /* Preview Assets.xcassets */; };
		CBA4ECAA24DF772B0004F520 /* LaunchScreen.storyboard in Resources */ = {isa = PBXBuildFile; fileRef = CBA4ECA824DF772B0004F520 /* LaunchScreen.storyboard */; };
		CBA4ECB524DF772B0004F520 /* SecretAppTests.swift in Sources */ = {isa = PBXBuildFile; fileRef = CBA4ECB424DF772B0004F520 /* SecretAppTests.swift */; };
		CBA4ECC024DF772C0004F520 /* SecretAppUITests.swift in Sources */ = {isa = PBXBuildFile; fileRef = CBA4ECBF24DF772C0004F520 /* SecretAppUITests.swift */; };
/* End PBXBuildFile section */

/* Begin PBXContainerItemProxy section */
		CBA4ECB124DF772B0004F520 /* PBXContainerItemProxy */ = {
			isa = PBXContainerItemProxy;
			containerPortal = CBA4EC9224DF772A0004F520 /* Project object */;
			proxyType = 1;
			remoteGlobalIDString = CBA4EC9924DF772A0004F520;
			remoteInfo = SecretApp;
		};
		CBA4ECBC24DF772C0004F520 /* PBXContainerItemProxy */ = {
			isa = PBXContainerItemProxy;
			containerPortal = CBA4EC9224DF772A0004F520 /* Project object */;
			proxyType = 1;
			remoteGlobalIDString = CBA4EC9924DF772A0004F520;
			remoteInfo = SecretApp;
		};
/* End PBXContainerItemProxy section */

/* Begin PBXFileReference section */
		CBA4EC9A24DF772A0004F520 /* SecretApp.app */ = {isa = PBXFileReference; explicitFileType = wrapper.application; includeInIndex = 0; path = SecretApp.app; sourceTree = BUILT_PRODUCTS_DIR; };
		CBA4EC9D24DF772A0004F520 /* AppDelegate.swift */ = {isa = PBXFileReference; lastKnownFileType = sourcecode.swift; path = AppDelegate.swift; sourceTree = "<group>"; };
		CBA4EC9F24DF772A0004F520 /* SceneDelegate.swift */ = {isa = PBXFileReference; lastKnownFileType = sourcecode.swift; path = SceneDelegate.swift; sourceTree = "<group>"; };
		CBA4ECA124DF772A0004F520 /* ContentView.swift */ = {isa = PBXFileReference; lastKnownFileType = sourcecode.swift; path = ContentView.swift; sourceTree = "<group>"; };
		CBA4ECA324DF772B0004F520 /* Assets.xcassets */ = {isa = PBXFileReference; lastKnownFileType = folder.assetcatalog; path = Assets.xcassets; sourceTree = "<group>"; };
		CBA4ECA624DF772B0004F520 /* Preview Assets.xcassets */ = {isa = PBXFileReference; lastKnownFileType = folder.assetcatalog; path = "Preview Assets.xcassets"; sourceTree = "<group>"; };
		CBA4ECA924DF772B0004F520 /* Base */ = {isa = PBXFileReference; lastKnownFileType = file.storyboard; name = Base; path = Base.lproj/LaunchScreen.storyboard; sourceTree = "<group>"; };
		CBA4ECAB24DF772B0004F520 /* Info.plist */ = {isa = PBXFileReference; lastKnownFileType = text.plist.xml; path = Info.plist; sourceTree = "<group>"; };
		CBA4ECB024DF772B0004F520 /* SecretAppTests.xctest */ = {isa = PBXFileReference; explicitFileType = wrapper.cfbundle; includeInIndex = 0; path = SecretAppTests.xctest; sourceTree = BUILT_PRODUCTS_DIR; };
		CBA4ECB424DF772B0004F520 /* SecretAppTests.swift */ = {isa = PBXFileReference; lastKnownFileType = sourcecode.swift; path = SecretAppTests.swift; sourceTree = "<group>"; };
		CBA4ECB624DF772B0004F520 /* Info.plist */ = {isa = PBXFileReference; lastKnownFileType = text.plist.xml; path = Info.plist; sourceTree = "<group>"; };
		CBA4ECBB24DF772C0004F520 /* SecretAppUITests.xctest */ = {isa = PBXFileReference; explicitFileType = wrapper.cfbundle; includeInIndex = 0; path = SecretAppUITests.xctest; sourceTree = BUILT_PRODUCTS_DIR; };
		CBA4ECBF24DF772C0004F520 /* SecretAppUITests.swift */ = {isa = PBXFileReference; lastKnownFileType = sourcecode.swift; path = SecretAppUITests.swift; sourceTree = "<group>"; };
		CBA4ECC124DF772C0004F520 /* Info.plist */ = {isa = PBXFileReference; lastKnownFileType = text.plist.xml; path = Info.plist; sourceTree = "<group>"; };
/* End PBXFileReference section */

/* Begin PBXFrameworksBuildPhase section */
		CBA4EC9724DF772A0004F520 /* Frameworks */ = {
			isa = PBXFrameworksBuildPhase;
			buildActionMask = 2147483647;
			files = (
			);
			runOnlyForDeploymentPostprocessing = 0;
		};
		CBA4ECAD24DF772B0004F520 /* Frameworks */ = {
			isa = PBXFrameworksBuildPhase;
			buildActionMask = 2147483647;
			files = (
			);
			runOnlyForDeploymentPostprocessing = 0;
		};
		CBA4ECB824DF772C0004F520 /* Frameworks */ = {
			isa = PBXFrameworksBuildPhase;
			buildActionMask = 2147483647;
			files = (
			);
			runOnlyForDeploymentPostprocessing = 0;
		};
/* End PBXFrameworksBuildPhase section */

/* Begin PBXGroup section */
		CBA4EC9124DF772A0004F520 = {
			isa = PBXGroup;
			children = (
				CBA4EC9C24DF772A0004F520 /* SecretApp */,
				CBA4ECB324DF772B0004F520 /* SecretAppTests */,
				CBA4ECBE24DF772C0004F520 /* SecretAppUITests */,
				CBA4EC9B24DF772A0004F520 /* Products */,
			);
			sourceTree = "<group>";
		};
		CBA4EC9B24DF772A0004F520 /* Products */ = {
			isa = PBXGroup;
			children = (
				CBA4EC9A24DF772A0004F520 /* SecretApp.app */,
				CBA4ECB024DF772B0004F520 /* SecretAppTests.xctest */,
				CBA4ECBB24DF772C0004F520 /* SecretAppUITests.xctest */,
			);
			name = Products;
			sourceTree = "<group>";
		};
		CBA4EC9C24DF772A0004F520 /* SecretApp */ = {
			isa = PBXGroup;
			children = (
				CBA4EC9D24DF772A0004F520 /* AppDelegate.swift */,
				CBA4EC9F24DF772A0004F520 /* SceneDelegate.swift */,
				CBA4ECA124DF772A0004F520 /* ContentView.swift */,
				CBA4ECA324DF772B0004F520 /* Assets.xcassets */,
				CBA4ECA824DF772B0004F520 /* LaunchScreen.storyboard */,
				CBA4ECAB24DF772B0004F520 /* Info.plist */,
				CBA4ECA524DF772B0004F520 /* Preview Content */,
			);
			path = SecretApp;
			sourceTree = "<group>";
		};
		CBA4ECA524DF772B0004F520 /* Preview Content */ = {
			isa = PBXGroup;
			children = (
				CBA4ECA624DF772B0004F520 /* Preview Assets.xcassets */,
			);
			path = "Preview Content";
			sourceTree = "<group>";
		};
		CBA4ECB324DF772B0004F520 /* SecretAppTests */ = {
			isa = PBXGroup;
			children = (
				CBA4ECB424DF772B0004F520 /* SecretAppTests.swift */,
				CBA4ECB624DF772B0004F520 /* Info.plist */,
			);
			path = SecretAppTests;
			sourceTree = "<group>";
		};
		CBA4ECBE24DF772C0004F520 /* SecretAppUITests */ = {
			isa = PBXGroup;
			children = (
				CBA4ECBF24DF772C0004F520 /* SecretAppUITests.swift */,
				CBA4ECC124DF772C0004F520 /* Info.plist */,
			);
			path = SecretAppUITests;
			sourceTree = "<group>";
		};
/* End PBXGroup section */

/* Begin PBXNativeTarget section */
		CBA4EC9924DF772A0004F520 /* SecretApp */ = {
			isa = PBXNativeTarget;
			buildConfigurationList = CBA4ECC424DF772C0004F520 /* Build configuration list for PBXNativeTarget "SecretApp" */;
			buildPhases = (
				CBA4EC9624DF772A0004F520 /* Sources */,
				CBA4EC9724DF772A0004F520 /* Frameworks */,
				CBA4EC9824DF772A0004F520 /* Resources */,
			);
			buildRules = (
			);
			dependencies = (
			);
			name = SecretApp;
			productName = SecretApp;
			productReference = CBA4EC9A24DF772A0004F520 /* SecretApp.app */;
			productType = "com.apple.product-type.application";
		};
		CBA4ECAF24DF772B0004F520 /* SecretAppTests */ = {
			isa = PBXNativeTarget;
			buildConfigurationList = CBA4ECC724DF772C0004F520 /* Build configuration list for PBXNativeTarget "SecretAppTests" */;
			buildPhases = (
				CBA4ECAC24DF772B0004F520 /* Sources */,
				CBA4ECAD24DF772B0004F520 /* Frameworks */,
				CBA4ECAE24DF772B0004F520 /* Resources */,
			);
			buildRules = (
			);
			dependencies = (
				CBA4ECB224DF772B0004F520 /* PBXTargetDependency */,
			);
			name = SecretAppTests;
			productName = SecretAppTests;
			productReference = CBA4ECB024DF772B0004F520 /* SecretAppTests.xctest */;
			productType = "com.apple.product-type.bundle.unit-test";
		};
		CBA4ECBA24DF772C0004F520 /* SecretAppUITests */ = {
			isa = PBXNativeTarget;
			buildConfigurationList = CBA4ECCA24DF772C0004F520 /* Build configuration list for PBXNativeTarget "SecretAppUITests" */;
			buildPhases = (
				CBA4ECB724DF772C0004F520 /* Sources */,
				CBA4ECB824DF772C0004F520 /* Frameworks */,
				CBA4ECB924DF772C0004F520 /* Resources */,
			);
			buildRules = (
			);
			dependencies = (
				CBA4ECBD24DF772C0004F520 /* PBXTargetDependency */,
			);
			name = SecretAppUITests;
			productName = SecretAppUITests;
			productReference = CBA4ECBB24DF772C0004F520 /* SecretAppUITests.xctest */;
			productType = "com.apple.product-type.bundle.ui-testing";
		};
/* End PBXNativeTarget section */

/* Begin PBXProject section */
		CBA4EC9224DF772A0004F520 /* Project object */ = {
			isa = PBXProject;
			attributes = {
				LastSwiftUpdateCheck = 1200;
				LastUpgradeCheck = 1200;
				TargetAttributes = {
					CBA4EC9924DF772A0004F520 = {
						CreatedOnToolsVersion = 12.0;
					};
					CBA4ECAF24DF772B0004F520 = {
						CreatedOnToolsVersion = 12.0;
						TestTargetID = CBA4EC9924DF772A0004F520;
					};
					CBA4ECBA24DF772C0004F520 = {
						CreatedOnToolsVersion = 12.0;
						TestTargetID = CBA4EC9924DF772A0004F520;
					};
				};
			};
			buildConfigurationList = CBA4EC9524DF772A0004F520 /* Build configuration list for PBXProject "SecretApp" */;
			compatibilityVersion = "Xcode 9.3";
			developmentRegion = en;
			hasScannedForEncodings = 0;
			knownRegions = (
				en,
				Base,
			);
			mainGroup = CBA4EC9124DF772A0004F520;
			productRefGroup = CBA4EC9B24DF772A0004F520 /* Products */;
			projectDirPath = "";
			projectRoot = "";
			targets = (
				CBA4EC9924DF772A0004F520 /* SecretApp */,
				CBA4ECAF24DF772B0004F520 /* SecretAppTests */,
				CBA4ECBA24DF772C0004F520 /* SecretAppUITests */,
			);
		};
/* End PBXProject section */

/* Begin PBXResourcesBuildPhase section */
		CBA4EC9824DF772A0004F520 /* Resources */ = {
			isa = PBXResourcesBuildPhase;
			buildActionMask = 2147483647;
			files = (
				CBA4ECAA24DF772B0004F520 /* LaunchScreen.storyboard in Resources */,
				CBA4ECA724DF772B0004F520 /* Preview Assets.xcassets in Resources */,
				CBA4ECA424DF772B0004F520 /* Assets.xcassets in Resources */,
			);
			runOnlyForDeploymentPostprocessing = 0;
		};
		CBA4ECAE24DF772B0004F520 /* Resources */ = {
			isa = PBXResourcesBuildPhase;
			buildActionMask = 2147483647;
			files = (
			);
			runOnlyForDeploymentPostprocessing = 0;
		};
		CBA4ECB924DF772C0004F520 /* Resources */ = {
			isa = PBXResourcesBuildPhase;
			buildActionMask = 2147483647;
			files = (
			);
			runOnlyForDeploymentPostprocessing = 0;
		};
/* End PBXResourcesBuildPhase section */

/* Begin PBXSourcesBuildPhase section */
		CBA4EC9624DF772A0004F520 /* Sources */ = {
			isa = PBXSourcesBuildPhase;
			buildActionMask = 2147483647;
			files = (
				CBA4EC9E24DF772A0004F520 /* AppDelegate.swift in Sources */,
				CBA4ECA024DF772A0004F520 /* SceneDelegate.swift in Sources */,
				CBA4ECA224DF772A0004F520 /* ContentView.swift in Sources */,
			);
			runOnlyForDeploymentPostprocessing = 0;
		};
		CBA4ECAC24DF772B0004F520 /* Sources */ = {
			isa = PBXSourcesBuildPhase;
			buildActionMask = 2147483647;
			files = (
				CBA4ECB524DF772B0004F520 /* SecretAppTests.swift in Sources */,
			);
			runOnlyForDeploymentPostprocessing = 0;
		};
		CBA4ECB724DF772C0004F520 /* Sources */ = {
			isa = PBXSourcesBuildPhase;
			buildActionMask = 2147483647;
			files = (
				CBA4ECC024DF772C0004F520 /* SecretAppUITests.swift in Sources */,
			);
			runOnlyForDeploymentPostprocessing = 0;
		};
/* End PBXSourcesBuildPhase section */

/* Begin PBXTargetDependency section */
		CBA4ECB224DF772B0004F520 /* PBXTargetDependency */ = {
			isa = PBXTargetDependency;
			target = CBA4EC9924DF772A0004F520 /* SecretApp */;
			targetProxy = CBA4ECB124DF772B0004F520 /* PBXContainerItemProxy */;
		};
		CBA4ECBD24DF772C0004F520 /* PBXTargetDependency */ = {
			isa = PBXTargetDependency;
			target = CBA4EC9924DF772A0004F520 /* SecretApp */;
			targetProxy = CBA4ECBC24DF772C0004F520 /* PBXContainerItemProxy */;
		};
/* End PBXTargetDependency section */

/* Begin PBXVariantGroup section */
		CBA4ECA824DF772B0004F520 /* LaunchScreen.storyboard */ = {
			isa = PBXVariantGroup;
			children = (
				CBA4ECA924DF772B0004F520 /* Base */,
			);
			name = LaunchScreen.storyboard;
			sourceTree = "<group>";
		};
/* End PBXVariantGroup section */

/* Begin XCBuildConfiguration section */
		CBA4ECC224DF772C0004F520 /* Debug */ = {
			isa = XCBuildConfiguration;
			buildSettings = {
				ALWAYS_SEARCH_USER_PATHS = NO;
				CLANG_ANALYZER_NONNULL = YES;
				CLANG_ANALYZER_NUMBER_OBJECT_CONVERSION = YES_AGGRESSIVE;
				CLANG_CXX_LANGUAGE_STANDARD = "gnu++14";
				CLANG_CXX_LIBRARY = "libc++";
				CLANG_ENABLE_MODULES = YES;
				CLANG_ENABLE_OBJC_ARC = YES;
				CLANG_ENABLE_OBJC_WEAK = YES;
				CLANG_WARN_BLOCK_CAPTURE_AUTORELEASING = YES;
				CLANG_WARN_BOOL_CONVERSION = YES;
				CLANG_WARN_COMMA = YES;
				CLANG_WARN_CONSTANT_CONVERSION = YES;
				CLANG_WARN_DEPRECATED_OBJC_IMPLEMENTATIONS = YES;
				CLANG_WARN_DIRECT_OBJC_ISA_USAGE = YES_ERROR;
				CLANG_WARN_DOCUMENTATION_COMMENTS = YES;
				CLANG_WARN_EMPTY_BODY = YES;
				CLANG_WARN_ENUM_CONVERSION = YES;
				CLANG_WARN_INFINITE_RECURSION = YES;
				CLANG_WARN_INT_CONVERSION = YES;
				CLANG_WARN_NON_LITERAL_NULL_CONVERSION = YES;
				CLANG_WARN_OBJC_IMPLICIT_RETAIN_SELF = YES;
				CLANG_WARN_OBJC_LITERAL_CONVERSION = YES;
				CLANG_WARN_OBJC_ROOT_CLASS = YES_ERROR;
				CLANG_WARN_QUOTED_INCLUDE_IN_FRAMEWORK_HEADER = YES;
				CLANG_WARN_RANGE_LOOP_ANALYSIS = YES;
				CLANG_WARN_STRICT_PROTOTYPES = YES;
				CLANG_WARN_SUSPICIOUS_MOVE = YES;
				CLANG_WARN_UNGUARDED_AVAILABILITY = YES_AGGRESSIVE;
				CLANG_WARN_UNREACHABLE_CODE = YES;
				CLANG_WARN__DUPLICATE_METHOD_MATCH = YES;
				COPY_PHASE_STRIP = NO;
				DEBUG_INFORMATION_FORMAT = dwarf;
				ENABLE_STRICT_OBJC_MSGSEND = YES;
				ENABLE_TESTABILITY = YES;
				GCC_C_LANGUAGE_STANDARD = gnu11;
				GCC_DYNAMIC_NO_PIC = NO;
				GCC_NO_COMMON_BLOCKS = YES;
				GCC_OPTIMIZATION_LEVEL = 0;
				GCC_PREPROCESSOR_DEFINITIONS = (
					"DEBUG=1",
					"$(inherited)",
				);
				GCC_WARN_64_TO_32_BIT_CONVERSION = YES;
				GCC_WARN_ABOUT_RETURN_TYPE = YES_ERROR;
				GCC_WARN_UNDECLARED_SELECTOR = YES;
				GCC_WARN_UNINITIALIZED_AUTOS = YES_AGGRESSIVE;
				GCC_WARN_UNUSED_FUNCTION = YES;
				GCC_WARN_UNUSED_VARIABLE = YES;
				IPHONEOS_DEPLOYMENT_TARGET = 14.0;
				MTL_ENABLE_DEBUG_INFO = INCLUDE_SOURCE;
				MTL_FAST_MATH = YES;
				ONLY_ACTIVE_ARCH = YES;
				SDKROOT = iphoneos;
				SWIFT_ACTIVE_COMPILATION_CONDITIONS = DEBUG;
				SWIFT_OPTIMIZATION_LEVEL = "-Onone";
			};
			name = Debug;
		};
		CBA4ECC324DF772C0004F520 /* Release */ = {
			isa = XCBuildConfiguration;
			buildSettings = {
				ALWAYS_SEARCH_USER_PATHS = NO;
				CLANG_ANALYZER_NONNULL = YES;
				CLANG_ANALYZER_NUMBER_OBJECT_CONVERSION = YES_AGGRESSIVE;
				CLANG_CXX_LANGUAGE_STANDARD = "gnu++14";
				CLANG_CXX_LIBRARY = "libc++";
				CLANG_ENABLE_MODULES = YES;
				CLANG_ENABLE_OBJC_ARC = YES;
				CLANG_ENABLE_OBJC_WEAK = YES;
				CLANG_WARN_BLOCK_CAPTURE_AUTORELEASING = YES;
				CLANG_WARN_BOOL_CONVERSION = YES;
				CLANG_WARN_COMMA = YES;
				CLANG_WARN_CONSTANT_CONVERSION = YES;
				CLANG_WARN_DEPRECATED_OBJC_IMPLEMENTATIONS = YES;
				CLANG_WARN_DIRECT_OBJC_ISA_USAGE = YES_ERROR;
				CLANG_WARN_DOCUMENTATION_COMMENTS = YES;
				CLANG_WARN_EMPTY_BODY = YES;
				CLANG_WARN_ENUM_CONVERSION = YES;
				CLANG_WARN_INFINITE_RECURSION = YES;
				CLANG_WARN_INT_CONVERSION = YES;
				CLANG_WARN_NON_LITERAL_NULL_CONVERSION = YES;
				CLANG_WARN_OBJC_IMPLICIT_RETAIN_SELF = YES;
				CLANG_WARN_OBJC_LITERAL_CONVERSION = YES;
				CLANG_WARN_OBJC_ROOT_CLASS = YES_ERROR;
				CLANG_WARN_QUOTED_INCLUDE_IN_FRAMEWORK_HEADER = YES;
				CLANG_WARN_RANGE_LOOP_ANALYSIS = YES;
				CLANG_WARN_STRICT_PROTOTYPES = YES;
				CLANG_WARN_SUSPICIOUS_MOVE = YES;
				CLANG_WARN_UNGUARDED_AVAILABILITY = YES_AGGRESSIVE;
				CLANG_WARN_UNREACHABLE_CODE = YES;
				CLANG_WARN__DUPLICATE_METHOD_MATCH = YES;
				COPY_PHASE_STRIP = NO;
				DEBUG_INFORMATION_FORMAT = "dwarf-with-dsym";
				ENABLE_NS_ASSERTIONS = NO;
				ENABLE_STRICT_OBJC_MSGSEND = YES;
				GCC_C_LANGUAGE_STANDARD = gnu11;
				GCC_NO_COMMON_BLOCKS = YES;
				GCC_WARN_64_TO_32_BIT_CONVERSION = YES;
				GCC_WARN_ABOUT_RETURN_TYPE = YES_ERROR;
				GCC_WARN_UNDECLARED_SELECTOR = YES;
				GCC_WARN_UNINITIALIZED_AUTOS = YES_AGGRESSIVE;
				GCC_WARN_UNUSED_FUNCTION = YES;
				GCC_WARN_UNUSED_VARIABLE = YES;
				IPHONEOS_DEPLOYMENT_TARGET = 14.0;
				MTL_ENABLE_DEBUG_INFO = NO;
				MTL_FAST_MATH = YES;
				SDKROOT = iphoneos;
				SWIFT_COMPILATION_MODE = wholemodule;
				SWIFT_OPTIMIZATION_LEVEL = "-O";
				VALIDATE_PRODUCT = YES;
			};
			name = Release;
		};
		CBA4ECC524DF772C0004F520 /* Debug */ = {
			isa = XCBuildConfiguration;
			buildSettings = {
				ASSETCATALOG_COMPILER_APPICON_NAME = AppIcon;
				ASSETCATALOG_COMPILER_GLOBAL_ACCENT_COLOR_NAME = AccentColor;
				CODE_SIGN_STYLE = Automatic;
				DEVELOPMENT_ASSET_PATHS = "\"SecretApp/Preview Content\"";
				DEVELOPMENT_TEAM = 6UE2AR87L4;
				ENABLE_PREVIEWS = YES;
				INFOPLIST_FILE = SecretApp/Info.plist;
				LD_RUNPATH_SEARCH_PATHS = (
					"$(inherited)",
					"@executable_path/Frameworks",
				);
				PRODUCT_BUNDLE_IDENTIFIER = com.test.course.SecretApp.SecretApp;
				PRODUCT_NAME = "$(TARGET_NAME)";
				SWIFT_VERSION = 5.0;
				TARGETED_DEVICE_FAMILY = "1,2";
			};
			name = Debug;
		};
		CBA4ECC624DF772C0004F520 /* Release */ = {
			isa = XCBuildConfiguration;
			buildSettings = {
				ASSETCATALOG_COMPILER_APPICON_NAME = AppIcon;
				ASSETCATALOG_COMPILER_GLOBAL_ACCENT_COLOR_NAME = AccentColor;
				CODE_SIGN_STYLE = Automatic;
				DEVELOPMENT_ASSET_PATHS = "\"SecretApp/Preview Content\"";
				DEVELOPMENT_TEAM = 6UE2AR87L4;
				ENABLE_PREVIEWS = YES;
				INFOPLIST_FILE = SecretApp/Info.plist;
				LD_RUNPATH_SEARCH_PATHS = (
					"$(inherited)",
					"@executable_path/Frameworks",
				);
				PRODUCT_BUNDLE_IDENTIFIER = com.test.course.SecretApp.SecretApp;
				PRODUCT_NAME = "$(TARGET_NAME)";
				SWIFT_VERSION = 5.0;
				TARGETED_DEVICE_FAMILY = "1,2";
			};
			name = Release;
		};
		CBA4ECC824DF772C0004F520 /* Debug */ = {
			isa = XCBuildConfiguration;
			buildSettings = {
				ALWAYS_EMBED_SWIFT_STANDARD_LIBRARIES = YES;
				BUNDLE_LOADER = "$(TEST_HOST)";
				CODE_SIGN_STYLE = Automatic;
				DEVELOPMENT_TEAM = 6UE2AR87L4;
				INFOPLIST_FILE = SecretAppTests/Info.plist;
				IPHONEOS_DEPLOYMENT_TARGET = 14.0;
				LD_RUNPATH_SEARCH_PATHS = (
					"$(inherited)",
					"@executable_path/Frameworks",
					"@loader_path/Frameworks",
				);
				PRODUCT_BUNDLE_IDENTIFIER = com.test.course.SecretApp.SecretAppTests;
				PRODUCT_NAME = "$(TARGET_NAME)";
				SWIFT_VERSION = 5.0;
				TARGETED_DEVICE_FAMILY = "1,2";
				TEST_HOST = "$(BUILT_PRODUCTS_DIR)/SecretApp.app/SecretApp";
			};
			name = Debug;
		};
		CBA4ECC924DF772C0004F520 /* Release */ = {
			isa = XCBuildConfiguration;
			buildSettings = {
				ALWAYS_EMBED_SWIFT_STANDARD_LIBRARIES = YES;
				BUNDLE_LOADER = "$(TEST_HOST)";
				CODE_SIGN_STYLE = Automatic;
				DEVELOPMENT_TEAM = 6UE2AR87L4;
				INFOPLIST_FILE = SecretAppTests/Info.plist;
				IPHONEOS_DEPLOYMENT_TARGET = 14.0;
				LD_RUNPATH_SEARCH_PATHS = (
					"$(inherited)",
					"@executable_path/Frameworks",
					"@loader_path/Frameworks",
				);
				PRODUCT_BUNDLE_IDENTIFIER = com.test.course.SecretApp.SecretAppTests;
				PRODUCT_NAME = "$(TARGET_NAME)";
				SWIFT_VERSION = 5.0;
				TARGETED_DEVICE_FAMILY = "1,2";
				TEST_HOST = "$(BUILT_PRODUCTS_DIR)/SecretApp.app/SecretApp";
			};
			name = Release;
		};
		CBA4ECCB24DF772C0004F520 /* Debug */ = {
			isa = XCBuildConfiguration;
			buildSettings = {
				ALWAYS_EMBED_SWIFT_STANDARD_LIBRARIES = YES;
				CODE_SIGN_STYLE = Automatic;
				DEVELOPMENT_TEAM = 6UE2AR87L4;
				INFOPLIST_FILE = SecretAppUITests/Info.plist;
				LD_RUNPATH_SEARCH_PATHS = (
					"$(inherited)",
					"@executable_path/Frameworks",
					"@loader_path/Frameworks",
				);
				PRODUCT_BUNDLE_IDENTIFIER = com.test.course.SecretApp.SecretAppUITests;
				PRODUCT_NAME = "$(TARGET_NAME)";
				SWIFT_VERSION = 5.0;
				TARGETED_DEVICE_FAMILY = "1,2";
				TEST_TARGET_NAME = SecretApp;
			};
			name = Debug;
		};
		CBA4ECCC24DF772C0004F520 /* Release */ = {
			isa = XCBuildConfiguration;
			buildSettings = {
				ALWAYS_EMBED_SWIFT_STANDARD_LIBRARIES = YES;
				CODE_SIGN_STYLE = Automatic;
				DEVELOPMENT_TEAM = 6UE2AR87L4;
				INFOPLIST_FILE = SecretAppUITests/Info.plist;
				LD_RUNPATH_SEARCH_PATHS = (
					"$(inherited)",
					"@executable_path/Frameworks",
					"@loader_path/Frameworks",
				);
				PRODUCT_BUNDLE_IDENTIFIER = com.test.course.SecretApp.SecretAppUITests;
				PRODUCT_NAME = "$(TARGET_NAME)";
				SWIFT_VERSION = 5.0;
				TARGETED_DEVICE_FAMILY = "1,2";
				TEST_TARGET_NAME = SecretApp;
			};
			name = Release;
		};
/* End XCBuildConfiguration section */

/* Begin XCConfigurationList section */
		CBA4EC9524DF772A0004F520 /* Build configuration list for PBXProject "SecretApp" */ = {
			isa = XCConfigurationList;
			buildConfigurations = (
				CBA4ECC224DF772C0004F520 /* Debug */,
				CBA4ECC324DF772C0004F520 /* Release */,
			);
			defaultConfigurationIsVisible = 0;
			defaultConfigurationName = Release;
		};
		CBA4ECC424DF772C0004F520 /* Build configuration list for PBXNativeTarget "SecretApp" */ = {
			isa = XCConfigurationList;
			buildConfigurations = (
				CBA4ECC524DF772C0004F520 /* Debug */,
				CBA4ECC624DF772C0004F520 /* Release */,
			);
			defaultConfigurationIsVisible = 0;
			defaultConfigurationName = Release;
		};
		CBA4ECC724DF772C0004F520 /* Build configuration list for PBXNativeTarget "SecretAppTests" */ = {
			isa = XCConfigurationList;
			buildConfigurations = (
				CBA4ECC824DF772C0004F520 /* Debug */,
				CBA4ECC924DF772C0004F520 /* Release */,
			);
			defaultConfigurationIsVisible = 0;
			defaultConfigurationName = Release;
		};
		CBA4ECCA24DF772C0004F520 /* Build configuration list for PBXNativeTarget "SecretAppUITests" */ = {
			isa = XCConfigurationList;
			buildConfigurations = (
				CBA4ECCB24DF772C0004F520 /* Debug */,
				CBA4ECCC24DF772C0004F520 /* Release */,
			);
			defaultConfigurationIsVisible = 0;
			defaultConfigurationName = Release;
		};
/* End XCConfigurationList section */
	};
	rootObject = CBA4EC9224DF772A0004F520 /* Project object */;
}
